{
  "version": 4,
  "terraform_version": "0.12.24",
  "serial": 7,
  "lineage": "7f6c862f-8ad9-cc96-7a69-683d2de6af34",
  "outputs": {
    "ec2keyName": {
      "value": "publicKey",
      "type": "string"
    },
    "public_subnets": {
      "value": [
        "subnet-0b17d93e8dbe7725d"
      ],
      "type": [
        "tuple",
        [
          "string"
        ]
      ]
    },
    "vpc_id": {
      "value": "vpc-08331e574743237f4",
      "type": "string"
    }
  },
  "resources": [
    {
      "mode": "managed",
      "type": "aws_internet_gateway",
      "name": "igw",
      "provider": "provider.aws",
      "instances": [
        {
          "schema_version": 0,
          "attributes": {
            "id": "igw-0281f54461da7b38d",
            "owner_id": "464392538707",
            "tags": {
              "Environment": ""
            },
            "vpc_id": "vpc-08331e574743237f4"
          },
          "private": "bnVsbA==",
          "dependencies": [
            "aws_vpc.vpc"
          ]
        }
      ]
    },
    {
      "mode": "managed",
      "type": "aws_key_pair",
      "name": "ec2key",
      "provider": "provider.aws",
      "instances": [
        {
          "schema_version": 1,
          "attributes": {
            "fingerprint": "31:b3:43:92:da:76:23:fa:dc:78:9f:a9:72:45:b3:ea",
            "id": "publicKey",
            "key_name": "publicKey",
            "key_name_prefix": null,
            "key_pair_id": "key-09581151ad7e44052",
            "public_key": "ssh-rsa AAAAB3NzaC1yc2EAAAADAQABAAABAQDKSqwxFQj4dk9f0JTUiWO3hXAvV5txa4+pUuIgSZuHqOlpsVZzuz80i+Pvk3EG7JikD4Khj+z3425bCHUUhcJRO7KXaG13uKoP1qeJAbbS6te2tNwYES9zqjHDt4Z0Vk4h3GETb8yz6JjL9A12AfIRU2JdmeYp9excPvtYe2nlsaEbfx3E1uPwzWwmdTxdiZCqDYmzhBRNwyBApaJpwKgGapsBshFbVXoHDFO41uLxE2kseiTdJGVga3RmF7CiRuwnrKcpYNqR2omoLJG4CLFlog/HK6uMAaUlygBiPuhtn6tKp8Sy/pZuyWVltzESD+dULNyEZUftdd3b6KG0A20/ cloud_user@lightninglife2c.mylabserver.com",
            "tags": null
          },
          "private": "eyJzY2hlbWFfdmVyc2lvbiI6IjEifQ=="
        }
      ]
    },
    {
      "mode": "managed",
      "type": "aws_route_table",
      "name": "rtb_public",
      "provider": "provider.aws",
      "instances": [
        {
          "schema_version": 0,
          "attributes": {
            "id": "rtb-05cbf7b4b3d3c2670",
            "owner_id": "464392538707",
            "propagating_vgws": [],
            "route": [
              {
                "cidr_block": "0.0.0.0/0",
                "egress_only_gateway_id": "",
                "gateway_id": "igw-0281f54461da7b38d",
                "instance_id": "",
                "ipv6_cidr_block": "",
                "nat_gateway_id": "",
                "network_interface_id": "",
                "transit_gateway_id": "",
                "vpc_peering_connection_id": ""
              }
            ],
            "tags": {
              "Environment": ""
            },
            "vpc_id": "vpc-08331e574743237f4"
          },
          "private": "bnVsbA==",
          "dependencies": [
            "aws_internet_gateway.igw",
            "aws_vpc.vpc"
          ]
        }
      ]
    },
    {
      "mode": "managed",
      "type": "aws_route_table_association",
      "name": "rta_subnet_public",
      "provider": "provider.aws",
      "instances": [
        {
          "schema_version": 0,
          "attributes": {
            "gateway_id": null,
            "id": "rtbassoc-0522048dc5f6e2be6",
            "route_table_id": "rtb-05cbf7b4b3d3c2670",
            "subnet_id": "subnet-0b17d93e8dbe7725d"
          },
          "private": "bnVsbA==",
          "dependencies": [
            "aws_internet_gateway.igw",
            "aws_route_table.rtb_public",
            "aws_subnet.subnet_public",
            "aws_vpc.vpc"
          ]
        }
      ]
    },
    {
      "mode": "managed",
      "type": "aws_subnet",
      "name": "subnet_public",
      "provider": "provider.aws",
      "instances": [
        {
          "schema_version": 1,
          "attributes": {
            "arn": "arn:aws:ec2:us-east-2:464392538707:subnet/subnet-0b17d93e8dbe7725d",
            "assign_ipv6_address_on_creation": false,
            "availability_zone": "us-east-2a",
            "availability_zone_id": "use2-az1",
            "cidr_block": "10.1.0.0/24",
            "id": "subnet-0b17d93e8dbe7725d",
            "ipv6_cidr_block": "",
            "ipv6_cidr_block_association_id": "",
            "map_public_ip_on_launch": true,
            "owner_id": "464392538707",
            "tags": {
              "Environment": "",
              "Type": "Public"
            },
            "timeouts": null,
            "vpc_id": "vpc-08331e574743237f4"
          },
          "private": "eyJlMmJmYjczMC1lY2FhLTExZTYtOGY4OC0zNDM2M2JjN2M0YzAiOnsiY3JlYXRlIjo2MDAwMDAwMDAwMDAsImRlbGV0ZSI6MTIwMDAwMDAwMDAwMH0sInNjaGVtYV92ZXJzaW9uIjoiMSJ9",
          "dependencies": [
            "aws_vpc.vpc"
          ]
        }
      ]
    },
    {
      "mode": "managed",
      "type": "aws_vpc",
      "name": "vpc",
      "provider": "provider.aws",
      "instances": [
        {
          "schema_version": 1,
          "attributes": {
            "arn": "arn:aws:ec2:us-east-2:464392538707:vpc/vpc-08331e574743237f4",
            "assign_generated_ipv6_cidr_block": false,
            "cidr_block": "10.1.0.0/16",
            "default_network_acl_id": "acl-01cbeaa9b596e347e",
            "default_route_table_id": "rtb-0369423d1c55f5e20",
            "default_security_group_id": "sg-040965ae33ae53bfd",
            "dhcp_options_id": "dopt-3f76dc54",
            "enable_classiclink": null,
            "enable_classiclink_dns_support": null,
            "enable_dns_hostnames": true,
            "enable_dns_support": true,
            "id": "vpc-08331e574743237f4",
            "instance_tenancy": "default",
            "ipv6_association_id": "",
            "ipv6_cidr_block": "",
            "main_route_table_id": "rtb-0369423d1c55f5e20",
            "owner_id": "464392538707",
            "tags": {
              "Environment": ""
            }
          },
          "private": "eyJzY2hlbWFfdmVyc2lvbiI6IjEifQ=="
        }
      ]
    }
  ]
}
